# This file is automatically @generated by Cargo.
# It is not intended for manual editing.
version = 3

[[package]]
name = "wr-cli"
version = "0.0.0"
dependencies = [
 "wr-core",
 "wr-cts",
 "wr-io",
 "wr-logic",
]

[[package]]
name = "wr-core"
version = "0.0.0"

[[package]]
name = "wr-cts"
version = "0.0.0"
dependencies = [
 "wr-core",
]

[[package]]
name = "wr-io"
version = "0.0.0"
dependencies = [
 "wr-core",
]

[[package]]
name = "wr-logic"
version = "0.0.0"
dependencies = [
 "wr-core",
]
